
Microsoft Visual Studio Solution File, Format Version 12.00
# Visual Studio 15
VisualStudioVersion = 15.0.28010.2019
MinimumVisualStudioVersion = 10.0.40219.1
Project("{FAE04EC0-301F-11D3-BF4B-00C04F79EFBC}") = "AGS.Mobile.Android", "AGS.Mobile\AGS.Mobile.Android\AGS.Mobile.Android.csproj", "{5F4B49E2-453E-4378-97DB-CE48027E302D}"
EndProject
Project("{FAE04EC0-301F-11D3-BF4B-00C04F79EFBC}") = "AGS.Mobile", "AGS.Mobile\AGS.Mobile\AGS.Mobile.csproj", "{A0DB7CAB-8E40-4953-832A-3D19374BC86F}"
EndProject
Global
	GlobalSection(SolutionConfigurationPlatforms) = preSolution
		Debug|Any CPU = Debug|Any CPU
		Release|Any CPU = Release|Any CPU
	EndGlobalSection
	GlobalSection(ProjectConfigurationPlatforms) = postSolution
		{5F4B49E2-453E-4378-97DB-CE48027E302D}.Debug|Any CPU.ActiveCfg = Debug|Any CPU
		{5F4B49E2-453E-4378-97DB-CE48027E302D}.Debug|Any CPU.Build.0 = Debug|Any CPU
		{5F4B49E2-453E-4378-97DB-CE48027E302D}.Debug|Any CPU.Deploy.0 = Debug|Any CPU
		{5F4B49E2-453E-4378-97DB-CE48027E302D}.Release|Any CPU.ActiveCfg = Release|Any CPU
		{5F4B49E2-453E-4378-97DB-CE48027E302D}.Release|Any CPU.Build.0 = Release|Any CPU
		{5F4B49E2-453E-4378-97DB-CE48027E302D}.Release|Any CPU.Deploy.0 = Release|Any CPU
		{A0DB7CAB-8E40-4953-832A-3D19374BC86F}.Debug|Any CPU.ActiveCfg = Debug|Any CPU
		{A0DB7CAB-8E40-4953-832A-3D19374BC86F}.Debug|Any CPU.Build.0 = Debug|Any CPU
		{A0DB7CAB-8E40-4953-832A-3D19374BC86F}.Release|Any CPU.ActiveCfg = Release|Any CPU
		{A0DB7CAB-8E40-4953-832A-3D19374BC86F}.Release|Any CPU.Build.0 = Release|Any CPU
	EndGlobalSection
	GlobalSection(SolutionProperties) = preSolution
		HideSolutionNode = FALSE
	EndGlobalSection
	GlobalSection(ExtensibilityGlobals) = postSolution
		SolutionGuid = {DBB0143D-224C-4A0F-9EA3-FF87059EFFDC}
	EndGlobalSection
EndGlobal
